// !$*UTF8*$!
{
	archiveVersion = 1;
	classes = {
	};
	objectVersion = 50;
	objects = {

/* Begin PBXBuildFile section */
		84987E0D2693578C00BCBDC7 /* AppDelegate.swift in Sources */ = {isa = PBXBuildFile; fileRef = 84987E0C2693578C00BCBDC7 /* AppDelegate.swift */; };
		84987E0F2693578C00BCBDC7 /* SceneDelegate.swift in Sources */ = {isa = PBXBuildFile; fileRef = 84987E0E2693578C00BCBDC7 /* SceneDelegate.swift */; };
		84987E112693578C00BCBDC7 /* ViewController.swift in Sources */ = {isa = PBXBuildFile; fileRef = 84987E102693578C00BCBDC7 /* ViewController.swift */; };
		84987E142693578C00BCBDC7 /* Main.storyboard in Resources */ = {isa = PBXBuildFile; fileRef = 84987E122693578C00BCBDC7 /* Main.storyboard */; };
		84987E162693578F00BCBDC7 /* Assets.xcassets in Resources */ = {isa = PBXBuildFile; fileRef = 84987E152693578F00BCBDC7 /* Assets.xcassets */; };
		84987E192693578F00BCBDC7 /* LaunchScreen.storyboard in Resources */ = {isa = PBXBuildFile; fileRef = 84987E172693578F00BCBDC7 /* LaunchScreen.storyboard */; };
/* End PBXBuildFile section */

/* Begin PBXFileReference section */
		84987E092693578C00BCBDC7 /* Temparature Convert.app */ = {isa = PBXFileReference; explicitFileType = wrapper.application; includeInIndex = 0; path = "Temparature Convert.app"; sourceTree = BUILT_PRODUCTS_DIR; };
		84987E0C2693578C00BCBDC7 /* AppDelegate.swift */ = {isa = PBXFileReference; lastKnownFileType = sourcecode.swift; path = AppDelegate.swift; sourceTree = "<group>"; };
		84987E0E2693578C00BCBDC7 /* SceneDelegate.swift */ = {isa = PBXFileReference; lastKnownFileType = sourcecode.swift; path = SceneDelegate.swift; sourceTree = "<group>"; };
		84987E102693578C00BCBDC7 /* ViewController.swift */ = {isa = PBXFileReference; lastKnownFileType = sourcecode.swift; path = ViewController.swift; sourceTree = "<group>"; };
		84987E132693578C00BCBDC7 /* Base */ = {isa = PBXFileReference; lastKnownFileType = file.storyboard; name = Base; path = Base.lproj/Main.storyboard; sourceTree = "<group>"; };
		84987E152693578F00BCBDC7 /* Assets.xcassets */ = {isa = PBXFileReference; lastKnownFileType = folder.assetcatalog; path = Assets.xcassets; sourceTree = "<group>"; };
		84987E182693578F00BCBDC7 /* Base */ = {isa = PBXFileReference; lastKnownFileType = file.storyboard; name = Base; path = Base.lproj/LaunchScreen.storyboard; sourceTree = "<group>"; };
		84987E1A2693578F00BCBDC7 /* Info.plist */ = {isa = PBXFileReference; lastKnownFileType = text.plist.xml; path = Info.plist; sourceTree = "<group>"; };
/* End PBXFileReference section */

/* Begin PBXFrameworksBuildPhase section */
		84987E062693578C00BCBDC7 /* Frameworks */ = {
			isa = PBXFrameworksBuildPhase;
			buildActionMask = 2147483647;
			files = (
			);
			runOnlyForDeploymentPostprocessing = 0;
		};
/* End PBXFrameworksBuildPhase section */

/* Begin PBXGroup section */
		84987E002693578B00BCBDC7 = {
			isa = PBXGroup;
			children = (
				84987E0B2693578C00BCBDC7 /* Temparature Convert */,
				84987E0A2693578C00BCBDC7 /* Products */,
			);
			sourceTree = "<group>";
		};
		84987E0A2693578C00BCBDC7 /* Products */ = {
			isa = PBXGroup;
			children = (
				84987E092693578C00BCBDC7 /* Temparature Convert.app */,
			);
			name = Products;
			sourceTree = "<group>";
		};
		84987E0B2693578C00BCBDC7 /* Temparature Convert */ = {
			isa = PBXGroup;
			children = (
				84987E0C2693578C00BCBDC7 /* AppDelegate.swift */,
				84987E0E2693578C00BCBDC7 /* SceneDelegate.swift */,
				84987E102693578C00BCBDC7 /* ViewController.swift */,
				84987E122693578C00BCBDC7 /* Main.storyboard */,
				84987E152693578F00BCBDC7 /* Assets.xcassets */,
				84987E172693578F00BCBDC7 /* LaunchScreen.storyboard */,
				84987E1A2693578F00BCBDC7 /* Info.plist */,
			);
			path = "Temparature Convert";
			sourceTree = "<group>";
		};
/* End PBXGroup section */

/* Begin PBXNativeTarget section */
		84987E082693578C00BCBDC7 /* Temparature Convert */ = {
			isa = PBXNativeTarget;
			buildConfigurationList = 84987E1D2693578F00BCBDC7 /* Build configuration list for PBXNativeTarget "Temparature Convert" */;
			buildPhases = (
				84987E052693578C00BCBDC7 /* Sources */,
				84987E062693578C00BCBDC7 /* Frameworks */,
				84987E072693578C00BCBDC7 /* Resources */,
			);
			buildRules = (
			);
			dependencies = (
			);
			name = "Temparature Convert";
			productName = "Temparature Convert";
			productReference = 84987E092693578C00BCBDC7 /* Temparature Convert.app */;
			productType = "com.apple.product-type.application";
		};
/* End PBXNativeTarget section */

/* Begin PBXProject section */
		84987E012693578B00BCBDC7 /* Project object */ = {
			isa = PBXProject;
			attributes = {
				LastSwiftUpdateCheck = 1250;
				LastUpgradeCheck = 1250;
				TargetAttributes = {
					84987E082693578C00BCBDC7 = {
						CreatedOnToolsVersion = 12.5;
					};
				};
			};
			buildConfigurationList = 84987E042693578B00BCBDC7 /* Build configuration list for PBXProject "Temparature Convert" */;
			compatibilityVersion = "Xcode 9.3";
			developmentRegion = en;
			hasScannedForEncodings = 0;
			knownRegions = (
				en,
				Base,
			);
			mainGroup = 84987E002693578B00BCBDC7;
			productRefGroup = 84987E0A2693578C00BCBDC7 /* Products */;
			projectDirPath = "";
			projectRoot = "";
			targets = (
				84987E082693578C00BCBDC7 /* Temparature Convert */,
			);
		};
/* End PBXProject section */

/* Begin PBXResourcesBuildPhase section */
		84987E072693578C00BCBDC7 /* Resources */ = {
			isa = PBXResourcesBuildPhase;
			buildActionMask = 2147483647;
			files = (
				84987E192693578F00BCBDC7 /* LaunchScreen.storyboard in Resources */,
				84987E162693578F00BCBDC7 /* Assets.xcassets in Resources */,
				84987E142693578C00BCBDC7 /* Main.storyboard in Resources */,
			);
			runOnlyForDeploymentPostprocessing = 0;
		};
/* End PBXResourcesBuildPhase section */

/* Begin PBXSourcesBuildPhase section */
		84987E052693578C00BCBDC7 /* Sources */ = {
			isa = PBXSourcesBuildPhase;
			buildActionMask = 2147483647;
			files = (
				84987E112693578C00BCBDC7 /* ViewController.swift in Sources */,
				84987E0D2693578C00BCBDC7 /* AppDelegate.swift in Sources */,
				84987E0F2693578C00BCBDC7 /* SceneDelegate.swift in Sources */,
			);
			runOnlyForDeploymentPostprocessing = 0;
		};
/* End PBXSourcesBuildPhase section */

/* Begin PBXVariantGroup section */
		84987E122693578C00BCBDC7 /* Main.storyboard */ = {
			isa = PBXVariantGroup;
			children = (
				84987E132693578C00BCBDC7 /* Base */,
			);
			name = Main.storyboard;
			sourceTree = "<group>";
		};
		84987E172693578F00BCBDC7 /* LaunchScreen.storyboard */ = {
			isa = PBXVariantGroup;
			children = (
				84987E182693578F00BCBDC7 /* Base */,
			);
			name = LaunchScreen.storyboard;
			sourceTree = "<group>";
		};
/* End PBXVariantGroup section */

/* Begin XCBuildConfiguration section */
		84987E1B2693578F00BCBDC7 /* Debug */ = {
			isa = XCBuildConfiguration;
			buildSettings = {
				ALWAYS_SEARCH_USER_PATHS = NO;
				CLANG_ANALYZER_NONNULL = YES;
				CLANG_ANALYZER_NUMBER_OBJECT_CONVERSION = YES_AGGRESSIVE;
				CLANG_CXX_LANGUAGE_STANDARD = "gnu++14";
				CLANG_CXX_LIBRARY = "libc++";
				CLANG_ENABLE_MODULES = YES;
				CLANG_ENABLE_OBJC_ARC = YES;
				CLANG_ENABLE_OBJC_WEAK = YES;
				CLANG_WARN_BLOCK_CAPTURE_AUTORELEASING = YES;
				CLANG_WARN_BOOL_CONVERSION = YES;
				CLANG_WARN_COMMA = YES;
				CLANG_WARN_CONSTANT_CONVERSION = YES;
				CLANG_WARN_DEPRECATED_OBJC_IMPLEMENTATIONS = YES;
				CLANG_WARN_DIRECT_OBJC_ISA_USAGE = YES_ERROR;
				CLANG_WARN_DOCUMENTATION_COMMENTS = YES;
				CLANG_WARN_EMPTY_BODY = YES;
				CLANG_WARN_ENUM_CONVERSION = YES;
				CLANG_WARN_INFINITE_RECURSION = YES;
				CLANG_WARN_INT_CONVERSION = YES;
				CLANG_WARN_NON_LITERAL_NULL_CONVERSION = YES;
				CLANG_WARN_OBJC_IMPLICIT_RETAIN_SELF = YES;
				CLANG_WARN_OBJC_LITERAL_CONVERSION = YES;
				CLANG_WARN_OBJC_ROOT_CLASS = YES_ERROR;
				CLANG_WARN_QUOTED_INCLUDE_IN_FRAMEWORK_HEADER = YES;
				CLANG_WARN_RANGE_LOOP_ANALYSIS = YES;
				CLANG_WARN_STRICT_PROTOTYPES = YES;
				CLANG_WARN_SUSPICIOUS_MOVE = YES;
				CLANG_WARN_UNGUARDED_AVAILABILITY = YES_AGGRESSIVE;
				CLANG_WARN_UNREACHABLE_CODE = YES;
				CLANG_WARN__DUPLICATE_METHOD_MATCH = YES;
				COPY_PHASE_STRIP = NO;
				DEBUG_INFORMATION_FORMAT = dwarf;
				ENABLE_STRICT_OBJC_MSGSEND = YES;
				ENABLE_TESTABILITY = YES;
				GCC_C_LANGUAGE_STANDARD = gnu11;
				GCC_DYNAMIC_NO_PIC = NO;
				GCC_NO_COMMON_BLOCKS = YES;
				GCC_OPTIMIZATION_LEVEL = 0;
				GCC_PREPROCESSOR_DEFINITIONS = (
					"DEBUG=1",
					"$(inherited)",
				);
				GCC_WARN_64_TO_32_BIT_CONVERSION = YES;
				GCC_WARN_ABOUT_RETURN_TYPE = YES_ERROR;
				GCC_WARN_UNDECLARED_SELECTOR = YES;
				GCC_WARN_UNINITIALIZED_AUTOS = YES_AGGRESSIVE;
				GCC_WARN_UNUSED_FUNCTION = YES;
				GCC_WARN_UNUSED_VARIABLE = YES;
				IPHONEOS_DEPLOYMENT_TARGET = 14.5;
				MTL_ENABLE_DEBUG_INFO = INCLUDE_SOURCE;
				MTL_FAST_MATH = YES;
				ONLY_ACTIVE_ARCH = YES;
				SDKROOT = iphoneos;
				SWIFT_ACTIVE_COMPILATION_CONDITIONS = DEBUG;
				SWIFT_OPTIMIZATION_LEVEL = "-Onone";
			};
			name = Debug;
		};
		84987E1C2693578F00BCBDC7 /* Release */ = {
			isa = XCBuildConfiguration;
			buildSettings = {
				ALWAYS_SEARCH_USER_PATHS = NO;
				CLANG_ANALYZER_NONNULL = YES;
				CLANG_ANALYZER_NUMBER_OBJECT_CONVERSION = YES_AGGRESSIVE;
				CLANG_CXX_LANGUAGE_STANDARD = "gnu++14";
				CLANG_CXX_LIBRARY = "libc++";
				CLANG_ENABLE_MODULES = YES;
				CLANG_ENABLE_OBJC_ARC = YES;
				CLANG_ENABLE_OBJC_WEAK = YES;
				CLANG_WARN_BLOCK_CAPTURE_AUTORELEASING = YES;
				CLANG_WARN_BOOL_CONVERSION = YES;
				CLANG_WARN_COMMA = YES;
				CLANG_WARN_CONSTANT_CONVERSION = YES;
				CLANG_WARN_DEPRECATED_OBJC_IMPLEMENTATIONS = YES;
				CLANG_WARN_DIRECT_OBJC_ISA_USAGE = YES_ERROR;
				CLANG_WARN_DOCUMENTATION_COMMENTS = YES;
				CLANG_WARN_EMPTY_BODY = YES;
				CLANG_WARN_ENUM_CONVERSION = YES;
				CLANG_WARN_INFINITE_RECURSION = YES;
				CLANG_WARN_INT_CONVERSION = YES;
				CLANG_WARN_NON_LITERAL_NULL_CONVERSION = YES;
				CLANG_WARN_OBJC_IMPLICIT_RETAIN_SELF = YES;
				CLANG_WARN_OBJC_LITERAL_CONVERSION = YES;
				CLANG_WARN_OBJC_ROOT_CLASS = YES_ERROR;
				CLANG_WARN_QUOTED_INCLUDE_IN_FRAMEWORK_HEADER = YES;
				CLANG_WARN_RANGE_LOOP_ANALYSIS = YES;
				CLANG_WARN_STRICT_PROTOTYPES = YES;
				CLANG_WARN_SUSPICIOUS_MOVE = YES;
				CLANG_WARN_UNGUARDED_AVAILABILITY = YES_AGGRESSIVE;
				CLANG_WARN_UNREACHABLE_CODE = YES;
				CLANG_WARN__DUPLICATE_METHOD_MATCH = YES;
				COPY_PHASE_STRIP = NO;
				DEBUG_INFORMATION_FORMAT = "dwarf-with-dsym";
				ENABLE_NS_ASSERTIONS = NO;
				ENABLE_STRICT_OBJC_MSGSEND = YES;
				GCC_C_LANGUAGE_STANDARD = gnu11;
				GCC_NO_COMMON_BLOCKS = YES;
				GCC_WARN_64_TO_32_BIT_CONVERSION = YES;
				GCC_WARN_ABOUT_RETURN_TYPE = YES_ERROR;
				GCC_WARN_UNDECLARED_SELECTOR = YES;
				GCC_WARN_UNINITIALIZED_AUTOS = YES_AGGRESSIVE;
				GCC_WARN_UNUSED_FUNCTION = YES;
				GCC_WARN_UNUSED_VARIABLE = YES;
				IPHONEOS_DEPLOYMENT_TARGET = 14.5;
				MTL_ENABLE_DEBUG_INFO = NO;
				MTL_FAST_MATH = YES;
				SDKROOT = iphoneos;
				SWIFT_COMPILATION_MODE = wholemodule;
				SWIFT_OPTIMIZATION_LEVEL = "-O";
				VALIDATE_PRODUCT = YES;
			};
			name = Release;
		};
		84987E1E2693578F00BCBDC7 /* Debug */ = {
			isa = XCBuildConfiguration;
			buildSettings = {
				ASSETCATALOG_COMPILER_APPICON_NAME = AppIcon;
				ASSETCATALOG_COMPILER_GLOBAL_ACCENT_COLOR_NAME = AccentColor;
				CODE_SIGN_STYLE = Automatic;
				DEVELOPMENT_TEAM = 962ZH72M53;
				INFOPLIST_FILE = "Temparature Convert/Info.plist";
				LD_RUNPATH_SEARCH_PATHS = (
					"$(inherited)",
					"@executable_path/Frameworks",
				);
				PRODUCT_BUNDLE_IDENTIFIER = "Developers.Temparature-Convert";
				PRODUCT_NAME = "$(TARGET_NAME)";
				SWIFT_VERSION = 5.0;
				TARGETED_DEVICE_FAMILY = "1,2";
			};
			name = Debug;
		};
		84987E1F2693578F00BCBDC7 /* Release */ = {
			isa = XCBuildConfiguration;
			buildSettings = {
				ASSETCATALOG_COMPILER_APPICON_NAME = AppIcon;
				ASSETCATALOG_COMPILER_GLOBAL_ACCENT_COLOR_NAME = AccentColor;
				CODE_SIGN_STYLE = Automatic;
				DEVELOPMENT_TEAM = 962ZH72M53;
				INFOPLIST_FILE = "Temparature Convert/Info.plist";
				LD_RUNPATH_SEARCH_PATHS = (
					"$(inherited)",
					"@executable_path/Frameworks",
				);
				PRODUCT_BUNDLE_IDENTIFIER = "Developers.Temparature-Convert";
				PRODUCT_NAME = "$(TARGET_NAME)";
				SWIFT_VERSION = 5.0;
				TARGETED_DEVICE_FAMILY = "1,2";
			};
			name = Release;
		};
/* End XCBuildConfiguration section */

/* Begin XCConfigurationList section */
		84987E042693578B00BCBDC7 /* Build configuration list for PBXProject "Temparature Convert" */ = {
			isa = XCConfigurationList;
			buildConfigurations = (
				84987E1B2693578F00BCBDC7 /* Debug */,
				84987E1C2693578F00BCBDC7 /* Release */,
			);
			defaultConfigurationIsVisible = 0;
			defaultConfigurationName = Release;
		};
		84987E1D2693578F00BCBDC7 /* Build configuration list for PBXNativeTarget "Temparature Convert" */ = {
			isa = XCConfigurationList;
			buildConfigurations = (
				84987E1E2693578F00BCBDC7 /* Debug */,
				84987E1F2693578F00BCBDC7 /* Release */,
			);
			defaultConfigurationIsVisible = 0;
			defaultConfigurationName = Release;
		};
/* End XCConfigurationList section */
	};
	rootObject = 84987E012693578B00BCBDC7 /* Project object */;
}
